// !$*UTF8*$!
{
	archiveVersion = 1;
	classes = {
	};
	objectVersion = 46;
	objects = {

/* Begin PBXBuildFile section */
		342D6DAB14832B830035C137 /* TextEntry.m in Sources */ = {isa = PBXBuildFile; fileRef = 342D6DAA14832B830035C137 /* TextEntry.m */; };
		345CF9481480A9CC0046F083 /* UIKit.framework in Frameworks */ = {isa = PBXBuildFile; fileRef = 345CF9471480A9CC0046F083 /* UIKit.framework */; };
		345CF94A1480A9CC0046F083 /* Foundation.framework in Frameworks */ = {isa = PBXBuildFile; fileRef = 345CF9491480A9CC0046F083 /* Foundation.framework */; };
		345CF94C1480A9CC0046F083 /* CoreGraphics.framework in Frameworks */ = {isa = PBXBuildFile; fileRef = 345CF94B1480A9CC0046F083 /* CoreGraphics.framework */; };
		345CF9521480A9CC0046F083 /* InfoPlist.strings in Resources */ = {isa = PBXBuildFile; fileRef = 345CF9501480A9CC0046F083 /* InfoPlist.strings */; };
		345CF9541480A9CC0046F083 /* main.m in Sources */ = {isa = PBXBuildFile; fileRef = 345CF9531480A9CC0046F083 /* main.m */; };
		345CF9581480A9CC0046F083 /* NPAppDelegate.m in Sources */ = {isa = PBXBuildFile; fileRef = 345CF9571480A9CC0046F083 /* NPAppDelegate.m */; };
		345CF95B1480A9CC0046F083 /* MainStoryboard.storyboard in Resources */ = {isa = PBXBuildFile; fileRef = 345CF9591480A9CC0046F083 /* MainStoryboard.storyboard */; };
		345CF95E1480A9CC0046F083 /* DocumentsListController.m in Sources */ = {isa = PBXBuildFile; fileRef = 345CF95D1480A9CC0046F083 /* DocumentsListController.m */; };
		345CF9611480A9CC0046F083 /* DetailViewController.m in Sources */ = {isa = PBXBuildFile; fileRef = 345CF9601480A9CC0046F083 /* DetailViewController.m */; };
		345CF9691480AA170046F083 /* MultiDocumentDataModel.xcdatamodeld in Sources */ = {isa = PBXBuildFile; fileRef = 345CF9671480AA170046F083 /* MultiDocumentDataModel.xcdatamodeld */; };
		345CF96F1480BD3F0046F083 /* DocumentCell.m in Sources */ = {isa = PBXBuildFile; fileRef = 345CF96E1480BD3F0046F083 /* DocumentCell.m */; };
		345CF9711480CCAA0046F083 /* CoreData.framework in Frameworks */ = {isa = PBXBuildFile; fileRef = 345CF9701480CCAA0046F083 /* CoreData.framework */; };
		A50D473816FA4D390098BAF8 /* DetailViewController+Pinging.m in Sources */ = {isa = PBXBuildFile; fileRef = A50D473716FA4D390098BAF8 /* DetailViewController+Pinging.m */; };
		A51A70FE16E2AB4600D7030C /* NSURL+NPAssisting.m in Sources */ = {isa = PBXBuildFile; fileRef = A51A70FD16E2AB4600D7030C /* NSURL+NPAssisting.m */; };
		A52AF77216F24CD900840918 /* DocumentsListController+Resources.m in Sources */ = {isa = PBXBuildFile; fileRef = A52AF77116F24CD800840918 /* DocumentsListController+Resources.m */; };
		A5369F1A15E979D900DAD076 /* Settings.bundle in Resources */ = {isa = PBXBuildFile; fileRef = A5369F1915E979D900DAD076 /* Settings.bundle */; };
		A568CE4B17F50A7200554885 /* ReadMe.txt in Resources */ = {isa = PBXBuildFile; fileRef = A568CE4A17F50A7200554885 /* ReadMe.txt */; };
		A571E53117ECD4D600FACEEE /* RobustDocument.m in Sources */ = {isa = PBXBuildFile; fileRef = A571E53017ECD4D600FACEEE /* RobustDocument.m */; };
		A571E53717ECDFE000FACEEE /* UIBAlertView.m in Sources */ = {isa = PBXBuildFile; fileRef = A571E53617ECDFE000FACEEE /* UIBAlertView.m */; };
		A589783B17F495B7007A9D25 /* MIT License.txt in Resources */ = {isa = PBXBuildFile; fileRef = A589783A17F495B7007A9D25 /* MIT License.txt */; };
		A5BB09191794CB82006A3DDB /* UIDocument+NPExtending.m in Sources */ = {isa = PBXBuildFile; fileRef = A53B6C9A1794BA2F0097D5A1 /* UIDocument+NPExtending.m */; };
		A5C6342A16F51E7A000A1E1E /* DocumentsListController+Making.m in Sources */ = {isa = PBXBuildFile; fileRef = A5C6342716F51E7A000A1E1E /* DocumentsListController+Making.m */; };
		A5C6342B16F51E7A000A1E1E /* DocumentsListController+Querying.m in Sources */ = {isa = PBXBuildFile; fileRef = A5C6342916F51E7A000A1E1E /* DocumentsListController+Querying.m */; };
		A5E4198215E9970A008D391E /* ModelVersion.m in Sources */ = {isa = PBXBuildFile; fileRef = A5E4198115E9970A008D391E /* ModelVersion.m */; };
		A5F02C3017F4A08100A0DFA0 /* DocumentsListController+ErrorRecovering.m in Sources */ = {isa = PBXBuildFile; fileRef = A5F02C2F17F4A08100A0DFA0 /* DocumentsListController+ErrorRecovering.m */; };
		A5FD19C81682265800F39341 /* Default-568h@2x.png in Resources */ = {isa = PBXBuildFile; fileRef = A5FD19C71682265800F39341 /* Default-568h@2x.png */; };
/* End PBXBuildFile section */

/* Begin PBXFileReference section */
		342D6DA914832B830035C137 /* TextEntry.h */ = {isa = PBXFileReference; fileEncoding = 4; lastKnownFileType = sourcecode.c.h; path = TextEntry.h; sourceTree = "<group>"; };
		342D6DAA14832B830035C137 /* TextEntry.m */ = {isa = PBXFileReference; fileEncoding = 4; lastKnownFileType = sourcecode.c.objc; path = TextEntry.m; sourceTree = "<group>"; };
		345CF9431480A9CC0046F083 /* multidocument.app */ = {isa = PBXFileReference; explicitFileType = wrapper.application; includeInIndex = 0; path = multidocument.app; sourceTree = BUILT_PRODUCTS_DIR; };
		345CF9471480A9CC0046F083 /* UIKit.framework */ = {isa = PBXFileReference; lastKnownFileType = wrapper.framework; name = UIKit.framework; path = System/Library/Frameworks/UIKit.framework; sourceTree = SDKROOT; };
		345CF9491480A9CC0046F083 /* Foundation.framework */ = {isa = PBXFileReference; lastKnownFileType = wrapper.framework; name = Foundation.framework; path = System/Library/Frameworks/Foundation.framework; sourceTree = SDKROOT; };
		345CF94B1480A9CC0046F083 /* CoreGraphics.framework */ = {isa = PBXFileReference; lastKnownFileType = wrapper.framework; name = CoreGraphics.framework; path = System/Library/Frameworks/CoreGraphics.framework; sourceTree = SDKROOT; };
		345CF94F1480A9CC0046F083 /* MultiDocument-Info.plist */ = {isa = PBXFileReference; lastKnownFileType = text.plist.xml; path = "MultiDocument-Info.plist"; sourceTree = "<group>"; };
		345CF9511480A9CC0046F083 /* en */ = {isa = PBXFileReference; lastKnownFileType = text.plist.strings; name = en; path = en.lproj/InfoPlist.strings; sourceTree = "<group>"; };
		345CF9531480A9CC0046F083 /* main.m */ = {isa = PBXFileReference; lastKnownFileType = sourcecode.c.objc; path = main.m; sourceTree = "<group>"; };
		345CF9551480A9CC0046F083 /* MultiDocument-Prefix.pch */ = {isa = PBXFileReference; lastKnownFileType = sourcecode.c.h; path = "MultiDocument-Prefix.pch"; sourceTree = "<group>"; };
		345CF9561480A9CC0046F083 /* NPAppDelegate.h */ = {isa = PBXFileReference; lastKnownFileType = sourcecode.c.h; path = NPAppDelegate.h; sourceTree = "<group>"; };
		345CF9571480A9CC0046F083 /* NPAppDelegate.m */ = {isa = PBXFileReference; lastKnownFileType = sourcecode.c.objc; path = NPAppDelegate.m; sourceTree = "<group>"; };
		345CF95C1480A9CC0046F083 /* DocumentsListController.h */ = {isa = PBXFileReference; lastKnownFileType = sourcecode.c.h; path = DocumentsListController.h; sourceTree = "<group>"; };
		345CF95D1480A9CC0046F083 /* DocumentsListController.m */ = {isa = PBXFileReference; lastKnownFileType = sourcecode.c.objc; path = DocumentsListController.m; sourceTree = "<group>"; };
		345CF95F1480A9CC0046F083 /* DetailViewController.h */ = {isa = PBXFileReference; lastKnownFileType = sourcecode.c.h; path = DetailViewController.h; sourceTree = "<group>"; };
		345CF9601480A9CC0046F083 /* DetailViewController.m */ = {isa = PBXFileReference; lastKnownFileType = sourcecode.c.objc; path = DetailViewController.m; sourceTree = "<group>"; };
		345CF9681480AA170046F083 /* MultiDocumentDataModel.xcdatamodel */ = {isa = PBXFileReference; lastKnownFileType = wrapper.xcdatamodel; path = MultiDocumentDataModel.xcdatamodel; sourceTree = "<group>"; };
		345CF96D1480BD3F0046F083 /* DocumentCell.h */ = {isa = PBXFileReference; fileEncoding = 4; lastKnownFileType = sourcecode.c.h; path = DocumentCell.h; sourceTree = "<group>"; };
		345CF96E1480BD3F0046F083 /* DocumentCell.m */ = {isa = PBXFileReference; fileEncoding = 4; lastKnownFileType = sourcecode.c.objc; path = DocumentCell.m; sourceTree = "<group>"; };
		345CF9701480CCAA0046F083 /* CoreData.framework */ = {isa = PBXFileReference; lastKnownFileType = wrapper.framework; name = CoreData.framework; path = System/Library/Frameworks/CoreData.framework; sourceTree = SDKROOT; };
		3478910514872255008CACC3 /* MultiDocument.entitlements */ = {isa = PBXFileReference; lastKnownFileType = text.xml; path = MultiDocument.entitlements; sourceTree = "<group>"; };
		A50D473616FA4D390098BAF8 /* DetailViewController+Pinging.h */ = {isa = PBXFileReference; fileEncoding = 4; lastKnownFileType = sourcecode.c.h; path = "DetailViewController+Pinging.h"; sourceTree = "<group>"; };
		A50D473716FA4D390098BAF8 /* DetailViewController+Pinging.m */ = {isa = PBXFileReference; fileEncoding = 4; lastKnownFileType = sourcecode.c.objc; path = "DetailViewController+Pinging.m"; sourceTree = "<group>"; };
		A51A70FC16E2AB4600D7030C /* NSURL+NPAssisting.h */ = {isa = PBXFileReference; fileEncoding = 4; lastKnownFileType = sourcecode.c.h; path = "NSURL+NPAssisting.h"; sourceTree = "<group>"; };
		A51A70FD16E2AB4600D7030C /* NSURL+NPAssisting.m */ = {isa = PBXFileReference; fileEncoding = 4; lastKnownFileType = sourcecode.c.objc; path = "NSURL+NPAssisting.m"; sourceTree = "<group>"; };
		A52AF77016F24CD800840918 /* DocumentsListController+Resources.h */ = {isa = PBXFileReference; fileEncoding = 4; lastKnownFileType = sourcecode.c.h; path = "DocumentsListController+Resources.h"; sourceTree = "<group>"; };
		A52AF77116F24CD800840918 /* DocumentsListController+Resources.m */ = {isa = PBXFileReference; fileEncoding = 4; lastKnownFileType = sourcecode.c.objc; path = "DocumentsListController+Resources.m"; sourceTree = "<group>"; };
		A5369F1915E979D900DAD076 /* Settings.bundle */ = {isa = PBXFileReference; lastKnownFileType = "wrapper.plug-in"; name = Settings.bundle; path = MultiDocument/Settings.bundle; sourceTree = "<group>"; };
		A53B6C991794BA2F0097D5A1 /* UIDocument+NPExtending.h */ = {isa = PBXFileReference; lastKnownFileType = sourcecode.c.h; path = "UIDocument+NPExtending.h"; sourceTree = "<group>"; };
		A53B6C9A1794BA2F0097D5A1 /* UIDocument+NPExtending.m */ = {isa = PBXFileReference; lastKnownFileType = sourcecode.c.objc; path = "UIDocument+NPExtending.m"; sourceTree = "<group>"; };
		A568CE4A17F50A7200554885 /* ReadMe.txt */ = {isa = PBXFileReference; fileEncoding = 4; lastKnownFileType = text; path = ReadMe.txt; sourceTree = "<group>"; };
		A571E52F17ECD4D600FACEEE /* RobustDocument.h */ = {isa = PBXFileReference; fileEncoding = 4; lastKnownFileType = sourcecode.c.h; path = RobustDocument.h; sourceTree = "<group>"; };
		A571E53017ECD4D600FACEEE /* RobustDocument.m */ = {isa = PBXFileReference; fileEncoding = 4; lastKnownFileType = sourcecode.c.objc; path = RobustDocument.m; sourceTree = "<group>"; };
		A571E53517ECDFE000FACEEE /* UIBAlertView.h */ = {isa = PBXFileReference; fileEncoding = 4; lastKnownFileType = sourcecode.c.h; path = UIBAlertView.h; sourceTree = "<group>"; };
		A571E53617ECDFE000FACEEE /* UIBAlertView.m */ = {isa = PBXFileReference; fileEncoding = 4; lastKnownFileType = sourcecode.c.objc; path = UIBAlertView.m; sourceTree = "<group>"; };
		A589783A17F495B7007A9D25 /* MIT License.txt */ = {isa = PBXFileReference; fileEncoding = 4; lastKnownFileType = text; path = "MIT License.txt"; sourceTree = "<group>"; };
		A5C6342616F51E7A000A1E1E /* DocumentsListController+Making.h */ = {isa = PBXFileReference; fileEncoding = 4; lastKnownFileType = sourcecode.c.h; path = "DocumentsListController+Making.h"; sourceTree = "<group>"; };
		A5C6342716F51E7A000A1E1E /* DocumentsListController+Making.m */ = {isa = PBXFileReference; fileEncoding = 4; lastKnownFileType = sourcecode.c.objc; path = "DocumentsListController+Making.m"; sourceTree = "<group>"; };
		A5C6342816F51E7A000A1E1E /* DocumentsListController+Querying.h */ = {isa = PBXFileReference; fileEncoding = 4; lastKnownFileType = sourcecode.c.h; path = "DocumentsListController+Querying.h"; sourceTree = "<group>"; };
		A5C6342916F51E7A000A1E1E /* DocumentsListController+Querying.m */ = {isa = PBXFileReference; fileEncoding = 4; lastKnownFileType = sourcecode.c.objc; path = "DocumentsListController+Querying.m"; sourceTree = "<group>"; };
		A5C9DC911799F0F000AD9A71 /* Base */ = {isa = PBXFileReference; lastKnownFileType = file.storyboard; name = Base; path = Base.lproj/MainStoryboard.storyboard; sourceTree = "<group>"; };
		A5E4198015E9970A008D391E /* ModelVersion.h */ = {isa = PBXFileReference; fileEncoding = 4; lastKnownFileType = sourcecode.c.h; path = ModelVersion.h; sourceTree = "<group>"; };
		A5E4198115E9970A008D391E /* ModelVersion.m */ = {isa = PBXFileReference; fileEncoding = 4; lastKnownFileType = sourcecode.c.objc; path = ModelVersion.m; sourceTree = "<group>"; };
		A5F02C2E17F4A08100A0DFA0 /* DocumentsListController+ErrorRecovering.h */ = {isa = PBXFileReference; fileEncoding = 4; lastKnownFileType = sourcecode.c.h; path = "DocumentsListController+ErrorRecovering.h"; sourceTree = "<group>"; };
		A5F02C2F17F4A08100A0DFA0 /* DocumentsListController+ErrorRecovering.m */ = {isa = PBXFileReference; fileEncoding = 4; lastKnownFileType = sourcecode.c.objc; path = "DocumentsListController+ErrorRecovering.m"; sourceTree = "<group>"; };
		A5FD19C71682265800F39341 /* Default-568h@2x.png */ = {isa = PBXFileReference; lastKnownFileType = image.png; path = "Default-568h@2x.png"; sourceTree = "<group>"; };
/* End PBXFileReference section */

/* Begin PBXFrameworksBuildPhase section */
		345CF9401480A9CC0046F083 /* Frameworks */ = {
			isa = PBXFrameworksBuildPhase;
			buildActionMask = 2147483647;
			files = (
				345CF9481480A9CC0046F083 /* UIKit.framework in Frameworks */,
				345CF94A1480A9CC0046F083 /* Foundation.framework in Frameworks */,
				345CF94C1480A9CC0046F083 /* CoreGraphics.framework in Frameworks */,
				345CF9711480CCAA0046F083 /* CoreData.framework in Frameworks */,
			);
			runOnlyForDeploymentPostprocessing = 0;
		};
/* End PBXFrameworksBuildPhase section */

/* Begin PBXGroup section */
		345CF9381480A9CC0046F083 = {
			isa = PBXGroup;
			children = (
				A5FD19C71682265800F39341 /* Default-568h@2x.png */,
				A5369F1915E979D900DAD076 /* Settings.bundle */,
				345CF94D1480A9CC0046F083 /* MultiDocument */,
				345CF9461480A9CC0046F083 /* Frameworks */,
				345CF9441480A9CC0046F083 /* Products */,
			);
			sourceTree = "<group>";
		};
		345CF9441480A9CC0046F083 /* Products */ = {
			isa = PBXGroup;
			children = (
				345CF9431480A9CC0046F083 /* multidocument.app */,
			);
			name = Products;
			sourceTree = "<group>";
		};
		345CF9461480A9CC0046F083 /* Frameworks */ = {
			isa = PBXGroup;
			children = (
				345CF9701480CCAA0046F083 /* CoreData.framework */,
				345CF9471480A9CC0046F083 /* UIKit.framework */,
				345CF9491480A9CC0046F083 /* Foundation.framework */,
				345CF94B1480A9CC0046F083 /* CoreGraphics.framework */,
			);
			name = Frameworks;
			sourceTree = "<group>";
		};
		345CF94D1480A9CC0046F083 /* MultiDocument */ = {
			isa = PBXGroup;
			children = (
				345CF9561480A9CC0046F083 /* NPAppDelegate.h */,
				345CF9571480A9CC0046F083 /* NPAppDelegate.m */,
				345CF95C1480A9CC0046F083 /* DocumentsListController.h */,
				345CF95D1480A9CC0046F083 /* DocumentsListController.m */,
				A52AF77016F24CD800840918 /* DocumentsListController+Resources.h */,
				A52AF77116F24CD800840918 /* DocumentsListController+Resources.m */,
				A5C6342616F51E7A000A1E1E /* DocumentsListController+Making.h */,
				A5C6342716F51E7A000A1E1E /* DocumentsListController+Making.m */,
				A5C6342816F51E7A000A1E1E /* DocumentsListController+Querying.h */,
				A5C6342916F51E7A000A1E1E /* DocumentsListController+Querying.m */,
				A5F02C2E17F4A08100A0DFA0 /* DocumentsListController+ErrorRecovering.h */,
				A5F02C2F17F4A08100A0DFA0 /* DocumentsListController+ErrorRecovering.m */,
				345CF95F1480A9CC0046F083 /* DetailViewController.h */,
				345CF9601480A9CC0046F083 /* DetailViewController.m */,
				A50D473616FA4D390098BAF8 /* DetailViewController+Pinging.h */,
				A50D473716FA4D390098BAF8 /* DetailViewController+Pinging.m */,
				A571E52F17ECD4D600FACEEE /* RobustDocument.h */,
				A571E53017ECD4D600FACEEE /* RobustDocument.m */,
				A571E53517ECDFE000FACEEE /* UIBAlertView.h */,
				A571E53617ECDFE000FACEEE /* UIBAlertView.m */,
				A51A70FC16E2AB4600D7030C /* NSURL+NPAssisting.h */,
				A51A70FD16E2AB4600D7030C /* NSURL+NPAssisting.m */,
				A53B6C991794BA2F0097D5A1 /* UIDocument+NPExtending.h */,
				A53B6C9A1794BA2F0097D5A1 /* UIDocument+NPExtending.m */,
				345CF96D1480BD3F0046F083 /* DocumentCell.h */,
				345CF96E1480BD3F0046F083 /* DocumentCell.m */,
				A5E4198015E9970A008D391E /* ModelVersion.h */,
				A5E4198115E9970A008D391E /* ModelVersion.m */,
				342D6DA914832B830035C137 /* TextEntry.h */,
				342D6DAA14832B830035C137 /* TextEntry.m */,
				345CF94E1480A9CC0046F083 /* Supporting Files */,
			);
			path = MultiDocument;
			sourceTree = "<group>";
		};
		345CF94E1480A9CC0046F083 /* Supporting Files */ = {
			isa = PBXGroup;
			children = (
				A568CE4A17F50A7200554885 /* ReadMe.txt */,
				A589783A17F495B7007A9D25 /* MIT License.txt */,
				345CF9591480A9CC0046F083 /* MainStoryboard.storyboard */,
				3478910514872255008CACC3 /* MultiDocument.entitlements */,
				345CF9671480AA170046F083 /* MultiDocumentDataModel.xcdatamodeld */,
				345CF94F1480A9CC0046F083 /* MultiDocument-Info.plist */,
				345CF9501480A9CC0046F083 /* InfoPlist.strings */,
				345CF9531480A9CC0046F083 /* main.m */,
				345CF9551480A9CC0046F083 /* MultiDocument-Prefix.pch */,
			);
			name = "Supporting Files";
			sourceTree = "<group>";
		};
/* End PBXGroup section */

/* Begin PBXNativeTarget section */
		345CF9421480A9CC0046F083 /* multidocument */ = {
			isa = PBXNativeTarget;
			buildConfigurationList = 345CF9641480A9CC0046F083 /* Build configuration list for PBXNativeTarget "multidocument" */;
			buildPhases = (
				345CF93F1480A9CC0046F083 /* Sources */,
				345CF9401480A9CC0046F083 /* Frameworks */,
				345CF9411480A9CC0046F083 /* Resources */,
			);
			buildRules = (
			);
			dependencies = (
			);
			name = multidocument;
			productName = MultiDocument;
			productReference = 345CF9431480A9CC0046F083 /* multidocument.app */;
			productType = "com.apple.product-type.application";
		};
/* End PBXNativeTarget section */

/* Begin PBXProject section */
		345CF93A1480A9CC0046F083 /* Project object */ = {
			isa = PBXProject;
			attributes = {
				LastUpgradeCheck = 0500;
				ORGANIZATIONNAME = "Freelance Mad Science Labs";
				TargetAttributes = {
					345CF9421480A9CC0046F083 = {
						DevelopmentTeam = YHVGV9RUH4;
						SystemCapabilities = {
							com.apple.Keychain = {
								enabled = 0;
							};
						};
					};
				};
			};
			buildConfigurationList = 345CF93D1480A9CC0046F083 /* Build configuration list for PBXProject "MultiDocument" */;
			compatibilityVersion = "Xcode 3.2";
			developmentRegion = English;
			hasScannedForEncodings = 0;
			knownRegions = (
				en,
				Base,
			);
			mainGroup = 345CF9381480A9CC0046F083;
			productRefGroup = 345CF9441480A9CC0046F083 /* Products */;
			projectDirPath = "";
			projectRoot = "";
			targets = (
				345CF9421480A9CC0046F083 /* multidocument */,
			);
		};
/* End PBXProject section */

/* Begin PBXResourcesBuildPhase section */
		345CF9411480A9CC0046F083 /* Resources */ = {
			isa = PBXResourcesBuildPhase;
			buildActionMask = 2147483647;
			files = (
				345CF9521480A9CC0046F083 /* InfoPlist.strings in Resources */,
				345CF95B1480A9CC0046F083 /* MainStoryboard.storyboard in Resources */,
				A589783B17F495B7007A9D25 /* MIT License.txt in Resources */,
				A5369F1A15E979D900DAD076 /* Settings.bundle in Resources */,
				A568CE4B17F50A7200554885 /* ReadMe.txt in Resources */,
				A5FD19C81682265800F39341 /* Default-568h@2x.png in Resources */,
			);
			runOnlyForDeploymentPostprocessing = 0;
		};
/* End PBXResourcesBuildPhase section */

/* Begin PBXSourcesBuildPhase section */
		345CF93F1480A9CC0046F083 /* Sources */ = {
			isa = PBXSourcesBuildPhase;
			buildActionMask = 2147483647;
			files = (
				A5BB09191794CB82006A3DDB /* UIDocument+NPExtending.m in Sources */,
				345CF9541480A9CC0046F083 /* main.m in Sources */,
				A571E53717ECDFE000FACEEE /* UIBAlertView.m in Sources */,
				345CF9581480A9CC0046F083 /* NPAppDelegate.m in Sources */,
				345CF95E1480A9CC0046F083 /* DocumentsListController.m in Sources */,
				345CF9611480A9CC0046F083 /* DetailViewController.m in Sources */,
				345CF9691480AA170046F083 /* MultiDocumentDataModel.xcdatamodeld in Sources */,
				A571E53117ECD4D600FACEEE /* RobustDocument.m in Sources */,
				345CF96F1480BD3F0046F083 /* DocumentCell.m in Sources */,
				342D6DAB14832B830035C137 /* TextEntry.m in Sources */,
				A5E4198215E9970A008D391E /* ModelVersion.m in Sources */,
				A51A70FE16E2AB4600D7030C /* NSURL+NPAssisting.m in Sources */,
				A52AF77216F24CD900840918 /* DocumentsListController+Resources.m in Sources */,
				A5C6342A16F51E7A000A1E1E /* DocumentsListController+Making.m in Sources */,
				A5F02C3017F4A08100A0DFA0 /* DocumentsListController+ErrorRecovering.m in Sources */,
				A5C6342B16F51E7A000A1E1E /* DocumentsListController+Querying.m in Sources */,
				A50D473816FA4D390098BAF8 /* DetailViewController+Pinging.m in Sources */,
			);
			runOnlyForDeploymentPostprocessing = 0;
		};
/* End PBXSourcesBuildPhase section */

/* Begin PBXVariantGroup section */
		345CF9501480A9CC0046F083 /* InfoPlist.strings */ = {
			isa = PBXVariantGroup;
			children = (
				345CF9511480A9CC0046F083 /* en */,
			);
			name = InfoPlist.strings;
			sourceTree = "<group>";
		};
		345CF9591480A9CC0046F083 /* MainStoryboard.storyboard */ = {
			isa = PBXVariantGroup;
			children = (
				A5C9DC911799F0F000AD9A71 /* Base */,
			);
			name = MainStoryboard.storyboard;
			sourceTree = "<group>";
		};
/* End PBXVariantGroup section */

/* Begin XCBuildConfiguration section */
		345CF9621480A9CC0046F083 /* Debug */ = {
			isa = XCBuildConfiguration;
			buildSettings = {
				ALWAYS_SEARCH_USER_PATHS = NO;
				CLANG_ENABLE_OBJC_ARC = YES;
				CLANG_WARN_BOOL_CONVERSION = YES;
				CLANG_WARN_CONSTANT_CONVERSION = YES;
				CLANG_WARN_EMPTY_BODY = YES;
				CLANG_WARN_ENUM_CONVERSION = YES;
				CLANG_WARN_INT_CONVERSION = YES;
				CLANG_WARN__DUPLICATE_METHOD_MATCH = YES;
				CODE_SIGN_IDENTITY = "";
				"CODE_SIGN_IDENTITY[sdk=iphoneos*]" = "";
				COPY_PHASE_STRIP = NO;
				GCC_C_LANGUAGE_STANDARD = gnu99;
				GCC_DYNAMIC_NO_PIC = NO;
				GCC_OPTIMIZATION_LEVEL = 0;
				GCC_PREPROCESSOR_DEFINITIONS = (
					"DEBUG=1",
					"$(inherited)",
				);
				GCC_SYMBOLS_PRIVATE_EXTERN = NO;
				GCC_VERSION = com.apple.compilers.llvm.clang.1_0;
				GCC_WARN_ABOUT_MISSING_PROTOTYPES = YES;
				GCC_WARN_ABOUT_RETURN_TYPE = YES;
				GCC_WARN_UNDECLARED_SELECTOR = YES;
				GCC_WARN_UNINITIALIZED_AUTOS = YES;
				GCC_WARN_UNUSED_FUNCTION = YES;
				GCC_WARN_UNUSED_VARIABLE = YES;
				IPHONEOS_DEPLOYMENT_TARGET = 7.0;
				ONLY_ACTIVE_ARCH = YES;
				PROVISIONING_PROFILE = "5F57270A-3B57-43D6-A8DA-D00CAA148BA7";
				"PROVISIONING_PROFILE[sdk=iphoneos*]" = "5F57270A-3B57-43D6-A8DA-D00CAA148BA7";
				SDKROOT = iphoneos;
			};
			name = Debug;
		};
		345CF9631480A9CC0046F083 /* Release */ = {
			isa = XCBuildConfiguration;
			buildSettings = {
				ALWAYS_SEARCH_USER_PATHS = NO;
				CLANG_ENABLE_OBJC_ARC = YES;
				CLANG_WARN_BOOL_CONVERSION = YES;
				CLANG_WARN_CONSTANT_CONVERSION = YES;
				CLANG_WARN_EMPTY_BODY = YES;
				CLANG_WARN_ENUM_CONVERSION = YES;
				CLANG_WARN_INT_CONVERSION = YES;
				CLANG_WARN__DUPLICATE_METHOD_MATCH = YES;
				CODE_SIGN_IDENTITY = "";
				"CODE_SIGN_IDENTITY[sdk=iphoneos*]" = "";
				COPY_PHASE_STRIP = YES;
				GCC_C_LANGUAGE_STANDARD = gnu99;
				GCC_DYNAMIC_NO_PIC = NO;
				GCC_VERSION = com.apple.compilers.llvm.clang.1_0;
				GCC_WARN_ABOUT_MISSING_PROTOTYPES = YES;
				GCC_WARN_ABOUT_RETURN_TYPE = YES;
				GCC_WARN_UNDECLARED_SELECTOR = YES;
				GCC_WARN_UNINITIALIZED_AUTOS = YES;
				GCC_WARN_UNUSED_FUNCTION = YES;
				GCC_WARN_UNUSED_VARIABLE = YES;
				IPHONEOS_DEPLOYMENT_TARGET = 7.0;
				ONLY_ACTIVE_ARCH = YES;
				OTHER_CFLAGS = "-DNS_BLOCK_ASSERTIONS=1";
				PROVISIONING_PROFILE = "5F57270A-3B57-43D6-A8DA-D00CAA148BA7";
				"PROVISIONING_PROFILE[sdk=iphoneos*]" = "5F57270A-3B57-43D6-A8DA-D00CAA148BA7";
				SDKROOT = iphoneos;
				VALIDATE_PRODUCT = YES;
			};
			name = Release;
		};
		345CF9651480A9CC0046F083 /* Debug */ = {
			isa = XCBuildConfiguration;
			buildSettings = {
				CODE_SIGN_ENTITLEMENTS = MultiDocument/MultiDocument.entitlements;
				CODE_SIGN_IDENTITY = "";
				"CODE_SIGN_IDENTITY[sdk=iphoneos*]" = "";
				GCC_DYNAMIC_NO_PIC = NO;
				GCC_PRECOMPILE_PREFIX_HEADER = YES;
				GCC_PREFIX_HEADER = "MultiDocument/MultiDocument-Prefix.pch";
				INFOPLIST_FILE = "MultiDocument/MultiDocument-Info.plist";
				IPHONEOS_DEPLOYMENT_TARGET = 6.0;
				PRODUCT_NAME = "$(TARGET_NAME)";
				PROVISIONING_PROFILE = "5F57270A-3B57-43D6-A8DA-D00CAA148BA7";
				"PROVISIONING_PROFILE[sdk=iphoneos*]" = "5F57270A-3B57-43D6-A8DA-D00CAA148BA7";
				TARGETED_DEVICE_FAMILY = "1,2";
				WRAPPER_EXTENSION = app;
			};
			name = Debug;
		};
		345CF9661480A9CC0046F083 /* Release */ = {
			isa = XCBuildConfiguration;
			buildSettings = {
				CODE_SIGN_ENTITLEMENTS = MultiDocument/MultiDocument.entitlements;
				CODE_SIGN_IDENTITY = "";
				"CODE_SIGN_IDENTITY[sdk=iphoneos*]" = "";
				GCC_DYNAMIC_NO_PIC = NO;
				GCC_PRECOMPILE_PREFIX_HEADER = YES;
				GCC_PREFIX_HEADER = "MultiDocument/MultiDocument-Prefix.pch";
				INFOPLIST_FILE = "MultiDocument/MultiDocument-Info.plist";
				IPHONEOS_DEPLOYMENT_TARGET = 6.0;
				PRODUCT_NAME = "$(TARGET_NAME)";
				PROVISIONING_PROFILE = "5F57270A-3B57-43D6-A8DA-D00CAA148BA7";
				"PROVISIONING_PROFILE[sdk=iphoneos*]" = "5F57270A-3B57-43D6-A8DA-D00CAA148BA7";
				TARGETED_DEVICE_FAMILY = "1,2";
				WRAPPER_EXTENSION = app;
			};
			name = Release;
		};
/* End XCBuildConfiguration section */

/* Begin XCConfigurationList section */
		345CF93D1480A9CC0046F083 /* Build configuration list for PBXProject "MultiDocument" */ = {
			isa = XCConfigurationList;
			buildConfigurations = (
				345CF9621480A9CC0046F083 /* Debug */,
				345CF9631480A9CC0046F083 /* Release */,
			);
			defaultConfigurationIsVisible = 0;
			defaultConfigurationName = Release;
		};
		345CF9641480A9CC0046F083 /* Build configuration list for PBXNativeTarget "multidocument" */ = {
			isa = XCConfigurationList;
			buildConfigurations = (
				345CF9651480A9CC0046F083 /* Debug */,
				345CF9661480A9CC0046F083 /* Release */,
			);
			defaultConfigurationIsVisible = 0;
			defaultConfigurationName = Release;
		};
/* End XCConfigurationList section */

/* Begin XCVersionGroup section */
		345CF9671480AA170046F083 /* MultiDocumentDataModel.xcdatamodeld */ = {
			isa = XCVersionGroup;
			children = (
				345CF9681480AA170046F083 /* MultiDocumentDataModel.xcdatamodel */,
			);
			currentVersion = 345CF9681480AA170046F083 /* MultiDocumentDataModel.xcdatamodel */;
			path = MultiDocumentDataModel.xcdatamodeld;
			sourceTree = "<group>";
			versionGroupType = wrapper.xcdatamodel;
		};
/* End XCVersionGroup section */
	};
	rootObject = 345CF93A1480A9CC0046F083 /* Project object */;
}
